
Microsoft Visual Studio Solution File, Format Version 12.00
# Visual Studio Version 17
VisualStudioVersion = 17.3.32922.545
MinimumVisualStudioVersion = 10.0.40219.1
Project("{FAE04EC0-301F-11D3-BF4B-00C04F79EFBC}") = "newWPF", "newWPF.csproj", "{A0052C4C-BAD9-4CDF-BAB2-E351E0A0E0B6}"
EndProject
Global
	GlobalSection(SolutionConfigurationPlatforms) = preSolution
		Debug|Any CPU = Debug|Any CPU
		Release|Any CPU = Release|Any CPU
	EndGlobalSection
	GlobalSection(ProjectConfigurationPlatforms) = postSolution
		{A0052C4C-BAD9-4CDF-BAB2-E351E0A0E0B6}.Debug|Any CPU.ActiveCfg = Debug|Any CPU
		{A0052C4C-BAD9-4CDF-BAB2-E351E0A0E0B6}.Debug|Any CPU.Build.0 = Debug|Any CPU
		{A0052C4C-BAD9-4CDF-BAB2-E351E0A0E0B6}.Release|Any CPU.ActiveCfg = Release|Any CPU
		{A0052C4C-BAD9-4CDF-BAB2-E351E0A0E0B6}.Release|Any CPU.Build.0 = Release|Any CPU
	EndGlobalSection
	GlobalSection(SolutionProperties) = preSolution
		HideSolutionNode = FALSE
	EndGlobalSection
	GlobalSection(ExtensibilityGlobals) = postSolution
		SolutionGuid = {FFF6BF26-7A6A-4C06-8604-3FAA7CCCADFE}
	EndGlobalSection
EndGlobal
